{
  "name": "attempt-promise",
  "version": "1.0.0",
  "dependencies": {
    "attempt": {
      "version": "1.0.1",
      "from": "attempt@*",
      "resolved": "https://registry.npmjs.org/attempt/-/attempt-1.0.1.tgz"
    },
    "bluebird": {
      "version": "2.10.2",
      "from": "bluebird@>=2.0.0 <3.0.0",
      "resolved": "https://registry.npmjs.org/bluebird/-/bluebird-2.10.2.tgz"
    }
  }
}
